
Microsoft Visual Studio Solution File, Format Version 12.00
# Visual Studio Version 17
VisualStudioVersion = 17.8.34511.84
MinimumVisualStudioVersion = 10.0.40219.1
Project("{2150E333-8FDC-42A3-9474-1A3956D46DE8}") = "Src", "Src", "{D5D10FB6-4830-4BB4-933A-2C2187789D82}"
EndProject
Project("{2150E333-8FDC-42A3-9474-1A3956D46DE8}") = "Presentation", "Presentation", "{22413C5C-DDBE-47A3-9A5F-709CABDBAC1D}"
EndProject
Project("{2150E333-8FDC-42A3-9474-1A3956D46DE8}") = "Domain", "Domain", "{D2A97669-8435-4398-B1F3-428FF108C3AB}"
EndProject
Project("{2150E333-8FDC-42A3-9474-1A3956D46DE8}") = "Infra", "Infra", "{7D4AA1C3-E41F-442F-A10A-8AA1FFB80E87}"
EndProject
Project("{2150E333-8FDC-42A3-9474-1A3956D46DE8}") = "Docs", "Docs", "{EC26B4C1-FEA3-4F9A-BE31-EE51FB5FDE8F}"
	ProjectSection(SolutionItems) = preProject
		Docs\UserManagement.postman_collection.json = Docs\UserManagement.postman_collection.json
	EndProjectSection
EndProject
Project("{2150E333-8FDC-42A3-9474-1A3956D46DE8}") = "Tests", "Tests", "{F1CE5D76-B091-4B66-B6B9-F5709A2B339F}"
EndProject
Project("{2150E333-8FDC-42A3-9474-1A3956D46DE8}") = "Config", "Config", "{57F64C7C-B0DD-4F67-A734-A60C1AB83B08}"
	ProjectSection(SolutionItems) = preProject
		.dockerignore = .dockerignore
		Dockerfile = Dockerfile
	EndProjectSection
EndProject
Project("{2150E333-8FDC-42A3-9474-1A3956D46DE8}") = "Application", "Application", "{1E4D730B-211A-4012-9EF3-673CEA3E4947}"
EndProject
Project("{9A19103F-16F7-4668-BE54-9A1E7A4F7556}") = "UserManagement.Application", "src\Application\UserManagement.Application\UserManagement.Application.csproj", "{3C81DF15-7820-43B0-8A03-71BFFC9E75E7}"
EndProject
Project("{9A19103F-16F7-4668-BE54-9A1E7A4F7556}") = "UserManagement.WebUI", "src\Presentation\UserManagement.WebUI\UserManagement.WebUI.csproj", "{4E8F64BE-BC42-4A2E-A0C9-4C41FE9D6C38}"
EndProject
Project("{9A19103F-16F7-4668-BE54-9A1E7A4F7556}") = "UserManagement.WebUI.Core", "src\Presentation\UserManagement.WebUI.Core\UserManagement.WebUI.Core.csproj", "{B21FD873-57D2-407E-89EE-DBBBC58A9D79}"
EndProject
Project("{9A19103F-16F7-4668-BE54-9A1E7A4F7556}") = "UserManagement.Infra", "src\Infra\UserManagement.Infra\UserManagement.Infra.csproj", "{4905288A-B7FD-418C-9244-83AD63CFAF64}"
EndProject
Project("{9A19103F-16F7-4668-BE54-9A1E7A4F7556}") = "UserManagement.Domain", "src\Domain\UserManagement.Domain\UserManagement.Domain.csproj", "{190D2395-A979-492B-9212-7949B2B1C780}"
EndProject
Project("{9A19103F-16F7-4668-BE54-9A1E7A4F7556}") = "UserManagement.Tests", "tests\UserManagement.Tests\UserManagement.Tests.csproj", "{A18B959D-A040-4260-A0EF-8413D671343C}"
EndProject
Global
	GlobalSection(SolutionConfigurationPlatforms) = preSolution
		Debug|Any CPU = Debug|Any CPU
		Release|Any CPU = Release|Any CPU
	EndGlobalSection
	GlobalSection(ProjectConfigurationPlatforms) = postSolution
		{3C81DF15-7820-43B0-8A03-71BFFC9E75E7}.Debug|Any CPU.ActiveCfg = Debug|Any CPU
		{3C81DF15-7820-43B0-8A03-71BFFC9E75E7}.Debug|Any CPU.Build.0 = Debug|Any CPU
		{3C81DF15-7820-43B0-8A03-71BFFC9E75E7}.Release|Any CPU.ActiveCfg = Release|Any CPU
		{3C81DF15-7820-43B0-8A03-71BFFC9E75E7}.Release|Any CPU.Build.0 = Release|Any CPU
		{4E8F64BE-BC42-4A2E-A0C9-4C41FE9D6C38}.Debug|Any CPU.ActiveCfg = Debug|Any CPU
		{4E8F64BE-BC42-4A2E-A0C9-4C41FE9D6C38}.Debug|Any CPU.Build.0 = Debug|Any CPU
		{4E8F64BE-BC42-4A2E-A0C9-4C41FE9D6C38}.Release|Any CPU.ActiveCfg = Release|Any CPU
		{4E8F64BE-BC42-4A2E-A0C9-4C41FE9D6C38}.Release|Any CPU.Build.0 = Release|Any CPU
		{B21FD873-57D2-407E-89EE-DBBBC58A9D79}.Debug|Any CPU.ActiveCfg = Debug|Any CPU
		{B21FD873-57D2-407E-89EE-DBBBC58A9D79}.Debug|Any CPU.Build.0 = Debug|Any CPU
		{B21FD873-57D2-407E-89EE-DBBBC58A9D79}.Release|Any CPU.ActiveCfg = Release|Any CPU
		{B21FD873-57D2-407E-89EE-DBBBC58A9D79}.Release|Any CPU.Build.0 = Release|Any CPU
		{4905288A-B7FD-418C-9244-83AD63CFAF64}.Debug|Any CPU.ActiveCfg = Debug|Any CPU
		{4905288A-B7FD-418C-9244-83AD63CFAF64}.Debug|Any CPU.Build.0 = Debug|Any CPU
		{4905288A-B7FD-418C-9244-83AD63CFAF64}.Release|Any CPU.ActiveCfg = Release|Any CPU
		{4905288A-B7FD-418C-9244-83AD63CFAF64}.Release|Any CPU.Build.0 = Release|Any CPU
		{190D2395-A979-492B-9212-7949B2B1C780}.Debug|Any CPU.ActiveCfg = Debug|Any CPU
		{190D2395-A979-492B-9212-7949B2B1C780}.Debug|Any CPU.Build.0 = Debug|Any CPU
		{190D2395-A979-492B-9212-7949B2B1C780}.Release|Any CPU.ActiveCfg = Release|Any CPU
		{190D2395-A979-492B-9212-7949B2B1C780}.Release|Any CPU.Build.0 = Release|Any CPU
		{A18B959D-A040-4260-A0EF-8413D671343C}.Debug|Any CPU.ActiveCfg = Debug|Any CPU
		{A18B959D-A040-4260-A0EF-8413D671343C}.Debug|Any CPU.Build.0 = Debug|Any CPU
		{A18B959D-A040-4260-A0EF-8413D671343C}.Release|Any CPU.ActiveCfg = Release|Any CPU
		{A18B959D-A040-4260-A0EF-8413D671343C}.Release|Any CPU.Build.0 = Release|Any CPU
	EndGlobalSection
	GlobalSection(SolutionProperties) = preSolution
		HideSolutionNode = FALSE
	EndGlobalSection
	GlobalSection(NestedProjects) = preSolution
		{22413C5C-DDBE-47A3-9A5F-709CABDBAC1D} = {D5D10FB6-4830-4BB4-933A-2C2187789D82}
		{D2A97669-8435-4398-B1F3-428FF108C3AB} = {D5D10FB6-4830-4BB4-933A-2C2187789D82}
		{7D4AA1C3-E41F-442F-A10A-8AA1FFB80E87} = {D5D10FB6-4830-4BB4-933A-2C2187789D82}
		{1E4D730B-211A-4012-9EF3-673CEA3E4947} = {D5D10FB6-4830-4BB4-933A-2C2187789D82}
		{3C81DF15-7820-43B0-8A03-71BFFC9E75E7} = {1E4D730B-211A-4012-9EF3-673CEA3E4947}
		{4E8F64BE-BC42-4A2E-A0C9-4C41FE9D6C38} = {22413C5C-DDBE-47A3-9A5F-709CABDBAC1D}
		{B21FD873-57D2-407E-89EE-DBBBC58A9D79} = {22413C5C-DDBE-47A3-9A5F-709CABDBAC1D}
		{4905288A-B7FD-418C-9244-83AD63CFAF64} = {7D4AA1C3-E41F-442F-A10A-8AA1FFB80E87}
		{190D2395-A979-492B-9212-7949B2B1C780} = {D2A97669-8435-4398-B1F3-428FF108C3AB}
		{A18B959D-A040-4260-A0EF-8413D671343C} = {F1CE5D76-B091-4B66-B6B9-F5709A2B339F}
	EndGlobalSection
	GlobalSection(ExtensibilityGlobals) = postSolution
		SolutionGuid = {A4D34BDC-B693-4736-93B7-FB553424F2C3}
	EndGlobalSection
EndGlobal
